// !$*UTF8*$!
{
	archiveVersion = 1;
	classes = {};
	objectVersion = 77;
	objects = {
		A10000000000000000000001 = {isa = PBXFileReference; lastKnownFileType = sourcecode.swift; path = IHealthExporterApp.swift; sourceTree = "<group>"; };
		A10000000000000000000002 = {isa = PBXFileReference; lastKnownFileType = sourcecode.swift; path = ContentView.swift; sourceTree = "<group>"; };
		A10000000000000000000003 = {isa = PBXFileReference; lastKnownFileType = sourcecode.swift; path = HealthExporter.swift; sourceTree = "<group>"; };
		A10000000000000000000004 = {isa = PBXFileReference; lastKnownFileType = sourcecode.swift; path = HealthTypeCatalog.swift; sourceTree = "<group>"; };
		A10000000000000000000005 = {isa = PBXFileReference; lastKnownFileType = sourcecode.swift; path = APIClient.swift; sourceTree = "<group>"; };
		A10000000000000000000006 = {isa = PBXFileReference; lastKnownFileType = sourcecode.swift; path = Models.swift; sourceTree = "<group>"; };
		A10000000000000000000007 = {isa = PBXFileReference; lastKnownFileType = text.plist.xml; path = Info.plist; sourceTree = "<group>"; };
		A10000000000000000000008 = {isa = PBXFileReference; lastKnownFileType = text.plist.entitlements; path = IHealthExporter.entitlements; sourceTree = "<group>"; };
		A10000000000000000000009 = {isa = PBXFileReference; explicitFileType = wrapper.application; includeInIndex = 0; path = IHealthExporter.app; sourceTree = BUILT_PRODUCTS_DIR; };
		A20000000000000000000001 = {isa = PBXBuildFile; fileRef = A10000000000000000000001; };
		A20000000000000000000002 = {isa = PBXBuildFile; fileRef = A10000000000000000000002; };
		A20000000000000000000003 = {isa = PBXBuildFile; fileRef = A10000000000000000000003; };
		A20000000000000000000004 = {isa = PBXBuildFile; fileRef = A10000000000000000000004; };
		A20000000000000000000005 = {isa = PBXBuildFile; fileRef = A10000000000000000000005; };
		A20000000000000000000006 = {isa = PBXBuildFile; fileRef = A10000000000000000000006; };
		A30000000000000000000001 = {isa = PBXGroup; children = (A30000000000000000000002, A30000000000000000000003); sourceTree = "<group>"; };
		A30000000000000000000002 = {isa = PBXGroup; path = IHealthExporter; sourceTree = "<group>"; children = (A10000000000000000000001,A10000000000000000000002,A10000000000000000000003,A10000000000000000000004,A10000000000000000000005,A10000000000000000000006,A10000000000000000000007,A10000000000000000000008); };
		A30000000000000000000003 = {isa = PBXGroup; name = Products; sourceTree = "<group>"; children = (A10000000000000000000009); };
		A40000000000000000000001 = {isa = PBXSourcesBuildPhase; buildActionMask = 2147483647; files = (A20000000000000000000001,A20000000000000000000002,A20000000000000000000003,A20000000000000000000004,A20000000000000000000005,A20000000000000000000006); runOnlyForDeploymentPostprocessing = 0; };
		A40000000000000000000002 = {isa = PBXFrameworksBuildPhase; buildActionMask = 2147483647; files = (); runOnlyForDeploymentPostprocessing = 0; };
		A40000000000000000000003 = {isa = PBXResourcesBuildPhase; buildActionMask = 2147483647; files = (); runOnlyForDeploymentPostprocessing = 0; };
		A50000000000000000000001 = {isa = PBXNativeTarget; buildConfigurationList = A70000000000000000000002; buildPhases = (A40000000000000000000001,A40000000000000000000002,A40000000000000000000003); buildRules = (); dependencies = (); name = IHealthExporter; productName = IHealthExporter; productReference = A10000000000000000000009; productType = "com.apple.product-type.application"; };
		A60000000000000000000001 = {isa = PBXProject; attributes = {BuildIndependentTargetsInParallel = 1; LastSwiftUpdateCheck = 2630; LastUpgradeCheck = 2630; TargetAttributes = {A50000000000000000000001 = {CreatedOnToolsVersion = 26.3; };};}; buildConfigurationList = A70000000000000000000001; compatibilityVersion = "Xcode 16.0"; developmentRegion = en; hasScannedForEncodings = 0; knownRegions = (en,Base); mainGroup = A30000000000000000000001; productRefGroup = A30000000000000000000003; projectDirPath = ""; projectRoot = ""; targets = (A50000000000000000000001); };
		A70000000000000000000001 = {isa = XCConfigurationList; buildConfigurations = (A80000000000000000000001,A80000000000000000000002); defaultConfigurationIsVisible = 0; defaultConfigurationName = Release; };
		A70000000000000000000002 = {isa = XCConfigurationList; buildConfigurations = (A80000000000000000000003,A80000000000000000000004); defaultConfigurationIsVisible = 0; defaultConfigurationName = Release; };
		A80000000000000000000001 = {isa = XCBuildConfiguration; buildSettings = {CLANG_ENABLE_MODULES = YES; IPHONEOS_DEPLOYMENT_TARGET = 26.0; SDKROOT = iphoneos; SWIFT_VERSION = 6.0;}; name = Debug; };
		A80000000000000000000002 = {isa = XCBuildConfiguration; buildSettings = {CLANG_ENABLE_MODULES = YES; IPHONEOS_DEPLOYMENT_TARGET = 26.0; SDKROOT = iphoneos; SWIFT_VERSION = 6.0;}; name = Release; };
		A80000000000000000000003 = {isa = XCBuildConfiguration; buildSettings = {CODE_SIGN_ENTITLEMENTS = IHealthExporter/IHealthExporter.entitlements; CODE_SIGN_STYLE = Automatic; CURRENT_PROJECT_VERSION = 1; GENERATE_INFOPLIST_FILE = NO; INFOPLIST_FILE = IHealthExporter/Info.plist; IPHONEOS_DEPLOYMENT_TARGET = 26.0; MARKETING_VERSION = 0.1.0; PRODUCT_BUNDLE_IDENTIFIER = com.ialaletin.ihealthexporter; PRODUCT_NAME = "$(TARGET_NAME)"; SWIFT_EMIT_LOC_STRINGS = YES; SWIFT_VERSION = 6.0; TARGETED_DEVICE_FAMILY = 1;}; name = Debug; };
		A80000000000000000000004 = {isa = XCBuildConfiguration; buildSettings = {CODE_SIGN_ENTITLEMENTS = IHealthExporter/IHealthExporter.entitlements; CODE_SIGN_STYLE = Automatic; CURRENT_PROJECT_VERSION = 1; GENERATE_INFOPLIST_FILE = NO; INFOPLIST_FILE = IHealthExporter/Info.plist; IPHONEOS_DEPLOYMENT_TARGET = 26.0; MARKETING_VERSION = 0.1.0; PRODUCT_BUNDLE_IDENTIFIER = com.ialaletin.ihealthexporter; PRODUCT_NAME = "$(TARGET_NAME)"; SWIFT_COMPILATION_MODE = wholemodule; SWIFT_VERSION = 6.0; TARGETED_DEVICE_FAMILY = 1;}; name = Release; };
	};
	rootObject = A60000000000000000000001;
}
